
Microsoft Visual Studio Solution File, Format Version 12.00
# Visual Studio Version 16
VisualStudioVersion = 16.0.30717.126
MinimumVisualStudioVersion = 10.0.40219.1
Project("{9A19103F-16F7-4668-BE54-9A1E7A4F7556}") = "Order.API", "Order.API\Order.API.csproj", "{D40A7F95-F295-4535-8014-0E00B6300663}"
EndProject
Project("{9A19103F-16F7-4668-BE54-9A1E7A4F7556}") = "DemandManagement.MessageContracts", "DemandManagement.MessageContracts\DemandManagement.MessageContracts.csproj", "{1CE82DCF-3BDB-4935-9760-572F90DEBBB0}"
EndProject
Project("{FAE04EC0-301F-11D3-BF4B-00C04F79EFBC}") = "StockConsole", "StockConsole\StockConsole.csproj", "{2DE8642A-9133-415E-A0CB-EE5780E8711E}"
EndProject
Global
	GlobalSection(SolutionConfigurationPlatforms) = preSolution
		Debug|Any CPU = Debug|Any CPU
		Release|Any CPU = Release|Any CPU
	EndGlobalSection
	GlobalSection(ProjectConfigurationPlatforms) = postSolution
		{D40A7F95-F295-4535-8014-0E00B6300663}.Debug|Any CPU.ActiveCfg = Debug|Any CPU
		{D40A7F95-F295-4535-8014-0E00B6300663}.Debug|Any CPU.Build.0 = Debug|Any CPU
		{D40A7F95-F295-4535-8014-0E00B6300663}.Release|Any CPU.ActiveCfg = Release|Any CPU
		{D40A7F95-F295-4535-8014-0E00B6300663}.Release|Any CPU.Build.0 = Release|Any CPU
		{1CE82DCF-3BDB-4935-9760-572F90DEBBB0}.Debug|Any CPU.ActiveCfg = Debug|Any CPU
		{1CE82DCF-3BDB-4935-9760-572F90DEBBB0}.Debug|Any CPU.Build.0 = Debug|Any CPU
		{1CE82DCF-3BDB-4935-9760-572F90DEBBB0}.Release|Any CPU.ActiveCfg = Release|Any CPU
		{1CE82DCF-3BDB-4935-9760-572F90DEBBB0}.Release|Any CPU.Build.0 = Release|Any CPU
		{2DE8642A-9133-415E-A0CB-EE5780E8711E}.Debug|Any CPU.ActiveCfg = Debug|Any CPU
		{2DE8642A-9133-415E-A0CB-EE5780E8711E}.Debug|Any CPU.Build.0 = Debug|Any CPU
		{2DE8642A-9133-415E-A0CB-EE5780E8711E}.Release|Any CPU.ActiveCfg = Release|Any CPU
		{2DE8642A-9133-415E-A0CB-EE5780E8711E}.Release|Any CPU.Build.0 = Release|Any CPU
	EndGlobalSection
	GlobalSection(SolutionProperties) = preSolution
		HideSolutionNode = FALSE
	EndGlobalSection
	GlobalSection(ExtensibilityGlobals) = postSolution
		SolutionGuid = {09CC0CC6-CE05-42B0-BD60-1663D42C0C7A}
	EndGlobalSection
EndGlobal
